{
  "name": "ASPNetCore",
  "version": "1.0.0",
  "lockfileVersion": 3,
  "requires": true,
  "packages": {
    "": {
      "name": "ASPNetCore",
      "version": "1.0.0",
      "license": "MIT",
      "dependencies": {
        "@devexpress/analytics-core": "24.2.7",
        "bootstrap": "^4.3.1",
        "cldrjs": "^0.5.0",
        "devexpress-reporting": "24.2.7",
        "devextreme-dist": "24.2.7",
        "globalize": "^1.3.0"
      }
    },
    "node_modules/@babel/runtime": {
      "version": "7.27.6",
      "resolved": "https://registry.npmjs.org/@babel/runtime/-/runtime-7.27.6.tgz",
      "integrity": "sha512-vbavdySgbTTrmFE+EsiqUTzlOr5bzlnJtUv9PynGCAKvfQqjIXbvFdumPM/GxMDfyuGMJaJAU6TO4zc1Jf1i8Q==",
      "peer": true,
      "engines": {
        "node": ">=6.9.0"
      }
    },
    "node_modules/@devexpress/analytics-core": {
      "version": "24.2.7",
      "resolved": "https://registry.npmjs.org/@devexpress/analytics-core/-/analytics-core-24.2.7.tgz",
      "integrity": "sha512-g3ju4untS2Ta0ouvaFQQfskzuB0uLUpyzLNnY6EU8I9+5pdr7V4nS9+eNenWYRksdy2rWSJ5tYirbBnX5H088A==",
      "dependencies": {
        "@types/jquery": "^3.1.1",
        "ace-builds": "^1.4.13",
        "jquery": "^3.1.1",
        "knockout": "~3.5.0"
      },
      "peerDependencies": {
        "devextreme": "24.2.7"
      }
    },
    "node_modules/@devexpress/utils": {
      "version": "1.4.3",
      "resolved": "https://registry.npmjs.org/@devexpress/utils/-/utils-1.4.3.tgz",
      "integrity": "sha512-UmmIwVRGQ6u6itE/zJ1xNmMuugXo/t1fWBtjROb7mhq2nY4ecDBdnRIqogKWAasGbMbhCxW9+ijkgRaNBVCIzQ==",
      "peer": true,
      "dependencies": {
        "tslib": "2.3.1"
      }
    },
    "node_modules/@devextreme/runtime": {
      "version": "3.0.13",
      "resolved": "https://registry.npmjs.org/@devextreme/runtime/-/runtime-3.0.13.tgz",
      "integrity": "sha512-//24I6vo5a+XG/Ul3+vOGqU4M22IWyldpECxLY8iyGJWA5fiNaYzAedrMV2Ixo5oRj8DawiHTZKy5iKKF9ks5g==",
      "peer": true,
      "dependencies": {
        "inferno": "^7.4.6",
        "inferno-create-element": "^7.4.6",
        "inferno-hydrate": "^7.4.6"
      }
    },
    "node_modules/@types/jquery": {
      "version": "3.5.32",
      "resolved": "https://registry.npmjs.org/@types/jquery/-/jquery-3.5.32.tgz",
      "integrity": "sha512-b9Xbf4CkMqS02YH8zACqN1xzdxc3cO735Qe5AbSUFmyOiaWAbcpqh9Wna+Uk0vgACvoQHpWDg2rGdHkYPLmCiQ==",
      "dependencies": {
        "@types/sizzle": "*"
      }
    },
    "node_modules/@types/sizzle": {
      "version": "2.3.9",
      "resolved": "https://registry.npmjs.org/@types/sizzle/-/sizzle-2.3.9.tgz",
      "integrity": "sha512-xzLEyKB50yqCUPUJkIsrVvoWNfFUbIZI+RspLWt8u+tIW/BetMBZtgV2LY/2o+tYH8dRvQ+eoPf3NdhQCcLE2w=="
    },
    "node_modules/ace-builds": {
      "version": "1.42.0",
      "resolved": "https://registry.npmjs.org/ace-builds/-/ace-builds-1.42.0.tgz",
      "integrity": "sha512-nRDbpHguujCh9Lb00jtJAblR6d5JEi6RVrHtj+TAlUqRYwWl5Es7iHnyXUOmTcMfkzQ2/TPn45G/yvdQGa0ZXw=="
    },
    "node_modules/bootstrap": {
      "version": "4.6.2",
      "resolved": "https://registry.npmjs.org/bootstrap/-/bootstrap-4.6.2.tgz",
      "integrity": "sha512-51Bbp/Uxr9aTuy6ca/8FbFloBUJZLHwnhTcnjIeRn2suQWsWzcuJhGjKDB5eppVte/8oCdOL3VuwxvZDUggwGQ==",
      "funding": [
        {
          "type": "github",
          "url": "https://github.com/sponsors/twbs"
        },
        {
          "type": "opencollective",
          "url": "https://opencollective.com/bootstrap"
        }
      ],
      "peerDependencies": {
        "jquery": "1.9.1 - 3",
        "popper.js": "^1.16.1"
      }
    },
    "node_modules/cldrjs": {
      "version": "0.5.5",
      "resolved": "https://registry.npmjs.org/cldrjs/-/cldrjs-0.5.5.tgz",
      "integrity": "sha512-KDwzwbmLIPfCgd8JERVDpQKrUUM1U4KpFJJg2IROv89rF172lLufoJnqJ/Wea6fXL5bO6WjuLMzY8V52UWPvkA=="
    },
    "node_modules/core-js": {
      "version": "3.42.0",
      "resolved": "https://registry.npmjs.org/core-js/-/core-js-3.42.0.tgz",
      "integrity": "sha512-Sz4PP4ZA+Rq4II21qkNqOEDTDrCvcANId3xpIgB34NDkWc3UduWj2dqEtN9yZIq8Dk3HyPI33x9sqqU5C8sr0g==",
      "hasInstallScript": true,
      "peer": true,
      "funding": {
        "type": "opencollective",
        "url": "https://opencollective.com/core-js"
      }
    },
    "node_modules/core-util-is": {
      "version": "1.0.3",
      "resolved": "https://registry.npmjs.org/core-util-is/-/core-util-is-1.0.3.tgz",
      "integrity": "sha512-ZQBvi1DcpJ4GDqanjucZ2Hj3wEO5pZDS89BWbkcrvdxksJorwUDDZamX9ldFkp9aw2lmBDLgkObEA4DWNJ9FYQ==",
      "peer": true
    },
    "node_modules/devexpress-diagram": {
      "version": "2.2.16",
      "resolved": "https://registry.npmjs.org/devexpress-diagram/-/devexpress-diagram-2.2.16.tgz",
      "integrity": "sha512-O60EjxtHKzedhl9M9bv3yLHBDylpAMQEtTJ2HcmuJyYTKA5SRccpf/BvtKzl43C0tSjPN2jJAYYGruZoIqOVOg==",
      "peer": true,
      "dependencies": {
        "@devexpress/utils": "^1.4.3",
        "es6-object-assign": "^1.1.0"
      }
    },
    "node_modules/devexpress-gantt": {
      "version": "4.1.60",
      "resolved": "https://registry.npmjs.org/devexpress-gantt/-/devexpress-gantt-4.1.60.tgz",
      "integrity": "sha512-EreGiSrxOk9kSkBsslPr3oFCxxhRRev6dmzgR/7dEzNxgZPE0KRnW8hYwZqu8tmx9o5m5Z59nv7CQ5kEczNlrA==",
      "peer": true,
      "dependencies": {
        "@devexpress/utils": "^1.4.3",
        "tslib": "2.3.1"
      }
    },
    "node_modules/devexpress-reporting": {
      "version": "24.2.7",
      "resolved": "https://registry.npmjs.org/devexpress-reporting/-/devexpress-reporting-24.2.7.tgz",
      "integrity": "sha512-TKiiaCNLbZM74LBRmyTN6bA8sMo61DcbzAdMN+oC97Q5jO/iqD16fwOsC8aFnFiGxDDsc92SuVOXCW0H7i5U2w==",
      "dependencies": {
        "ace-builds": "^1.4.13",
        "jquery": "^3.1.1",
        "knockout": "~3.5.0"
      },
      "peerDependencies": {
        "@devexpress/analytics-core": "24.2.7"
      }
    },
    "node_modules/devextreme": {
      "version": "24.2.7",
      "resolved": "https://registry.npmjs.org/devextreme/-/devextreme-24.2.7.tgz",
      "integrity": "sha512-f32EtlOcsOYoG7j5XoYgH3a9pcguwvbG0RWPNx4iHp1g0nlvwH1JVplzN0++b5lLR/IHu73JgoRsjoFnj349Kg==",
      "peer": true,
      "dependencies": {
        "@babel/runtime": "^7.12.1",
        "@devextreme/runtime": "3.0.13",
        "devexpress-diagram": "2.2.16",
        "devexpress-gantt": "4.1.60",
        "devextreme-quill": "1.7.2",
        "inferno": "^7.4.9",
        "inferno-create-element": "^7.4.9",
        "inferno-hydrate": "^7.4.9",
        "jszip": "^3.10.1",
        "rrule": "^2.7.1"
      },
      "bin": {
        "devextreme-bundler": "bin/bundler.js",
        "devextreme-bundler-init": "bin/bundler-init.js"
      }
    },
    "node_modules/devextreme-dist": {
      "version": "24.2.7",
      "resolved": "https://registry.npmjs.org/devextreme-dist/-/devextreme-dist-24.2.7.tgz",
      "integrity": "sha512-TZsIFT48ou3xJWJkr3mU1trollGdZwy8s+Md8mJQun5LDHTG0MsSX4MFe5DljR/B5FoAVOhXQsBy5Wb+RsVY3Q=="
    },
    "node_modules/devextreme-quill": {
      "version": "1.7.2",
      "resolved": "https://registry.npmjs.org/devextreme-quill/-/devextreme-quill-1.7.2.tgz",
      "integrity": "sha512-Ng+3ULPwGhLnCqstLRqnDF8Jj2P40sgjTjWzwgCYzH9G9E1n5IvzRl6weFzDWeytRM1WfsxX8Xdr2Oumf/2CDA==",
      "peer": true,
      "dependencies": {
        "core-js": "^3.34.0",
        "eventemitter3": "^4.0.7",
        "lodash.clonedeep": "^4.5.0",
        "lodash.isequal": "^4.5.0",
        "lodash.merge": "^4.6.2",
        "parchment": "^2.0.1",
        "quill-delta": "^5.0.0"
      }
    },
    "node_modules/es6-object-assign": {
      "version": "1.1.0",
      "resolved": "https://registry.npmjs.org/es6-object-assign/-/es6-object-assign-1.1.0.tgz",
      "integrity": "sha512-MEl9uirslVwqQU369iHNWZXsI8yaZYGg/D65aOgZkeyFJwHYSxilf7rQzXKI7DdDuBPrBXbfk3sl9hJhmd5AUw==",
      "peer": true
    },
    "node_modules/eventemitter3": {
      "version": "4.0.7",
      "resolved": "https://registry.npmjs.org/eventemitter3/-/eventemitter3-4.0.7.tgz",
      "integrity": "sha512-8guHBZCwKnFhYdHr2ysuRWErTwhoN2X8XELRlrRwpmfeY2jjuUN4taQMsULKUVo1K4DvZl+0pgfyoysHxvmvEw==",
      "peer": true
    },
    "node_modules/fast-diff": {
      "version": "1.3.0",
      "resolved": "https://registry.npmjs.org/fast-diff/-/fast-diff-1.3.0.tgz",
      "integrity": "sha512-VxPP4NqbUjj6MaAOafWeUn2cXWLcCtljklUtZf0Ind4XQ+QPtmA0b18zZy0jIQx+ExRVCR/ZQpBmik5lXshNsw==",
      "peer": true
    },
    "node_modules/globalize": {
      "version": "1.7.0",
      "resolved": "https://registry.npmjs.org/globalize/-/globalize-1.7.0.tgz",
      "integrity": "sha512-faR46vTIbFCeAemyuc9E6/d7Wrx9k2ae2L60UhakztFg6VuE42gENVJNuPFtt7Sdjrk9m2w8+py7Jj+JTNy59w==",
      "dependencies": {
        "cldrjs": "^0.5.4"
      }
    },
    "node_modules/immediate": {
      "version": "3.0.6",
      "resolved": "https://registry.npmjs.org/immediate/-/immediate-3.0.6.tgz",
      "integrity": "sha512-XXOFtyqDjNDAQxVfYxuF7g9Il/IbWmmlQg2MYKOH8ExIT1qg6xc4zyS3HaEEATgs1btfzxq15ciUiY7gjSXRGQ==",
      "peer": true
    },
    "node_modules/inferno": {
      "version": "7.4.11",
      "resolved": "https://registry.npmjs.org/inferno/-/inferno-7.4.11.tgz",
      "integrity": "sha512-N+cs33ESWI8fdToCd98yMRYl7jkLnCkJskxov3FKKlaKOvk3PRlAttbhmUaYdWXlRvt2WeXi+J4MbzNj3V6G0w==",
      "hasInstallScript": true,
      "peer": true,
      "dependencies": {
        "inferno-shared": "7.4.11",
        "inferno-vnode-flags": "7.4.11",
        "opencollective-postinstall": "^2.0.3"
      }
    },
    "node_modules/inferno-create-element": {
      "version": "7.4.11",
      "resolved": "https://registry.npmjs.org/inferno-create-element/-/inferno-create-element-7.4.11.tgz",
      "integrity": "sha512-kE6XIx2hPAd5qpDli2iGjNXgubvuyxdLvoiW71WnSzIIxA+Uxa/s8lY8m03VyHHVypFV3n329ZY5dFvKc7UQMg==",
      "peer": true,
      "dependencies": {
        "inferno": "7.4.11"
      }
    },
    "node_modules/inferno-hydrate": {
      "version": "7.4.11",
      "resolved": "https://registry.npmjs.org/inferno-hydrate/-/inferno-hydrate-7.4.11.tgz",
      "integrity": "sha512-hF9Ke4GHAkj8GQrMXBZPfsUqhq6WjkoDCAfXhPBuF1Wiceqyy8KerOOXEnuocHky77fuEXq0AzVnQcC064Bkfw==",
      "peer": true,
      "dependencies": {
        "inferno": "7.4.11"
      }
    },
    "node_modules/inferno-shared": {
      "version": "7.4.11",
      "resolved": "https://registry.npmjs.org/inferno-shared/-/inferno-shared-7.4.11.tgz",
      "integrity": "sha512-pN725bDSTxkQmRS3e/3H02/xAqgHl+xgddCMjPm8M0etRdRcVCisi3NGPhzSbDDmiftrxhY31exs7+dwsngcDA==",
      "peer": true
    },
    "node_modules/inferno-vnode-flags": {
      "version": "7.4.11",
      "resolved": "https://registry.npmjs.org/inferno-vnode-flags/-/inferno-vnode-flags-7.4.11.tgz",
      "integrity": "sha512-L7lslEQCq3IfwgT/b9zhuMf8fv6KXCNXXHZevk/WYxnqJsOWGDcKpJn0zkzXfvmj0otbB149iLUQVBq3oe2sfA==",
      "peer": true
    },
    "node_modules/inherits": {
      "version": "2.0.4",
      "resolved": "https://registry.npmjs.org/inherits/-/inherits-2.0.4.tgz",
      "integrity": "sha512-k/vGaX4/Yla3WzyMCvTQOXYeIHvqOKtnqBduzTHpzpQZzAskKMhZ2K+EnBiSM9zGSoIFeMpXKxa4dYeZIQqewQ==",
      "peer": true
    },
    "node_modules/isarray": {
      "version": "1.0.0",
      "resolved": "https://registry.npmjs.org/isarray/-/isarray-1.0.0.tgz",
      "integrity": "sha512-VLghIWNM6ELQzo7zwmcg0NmTVyWKYjvIeM83yjp0wRDTmUnrM678fQbcKBo6n2CJEF0szoG//ytg+TKla89ALQ==",
      "peer": true
    },
    "node_modules/jquery": {
      "version": "3.7.1",
      "resolved": "https://registry.npmjs.org/jquery/-/jquery-3.7.1.tgz",
      "integrity": "sha512-m4avr8yL8kmFN8psrbFFFmB/If14iN5o9nw/NgnnM+kybDJpRsAynV2BsfpTYrTRysYUdADVD7CkUUizgkpLfg=="
    },
    "node_modules/jszip": {
      "version": "3.10.1",
      "resolved": "https://registry.npmjs.org/jszip/-/jszip-3.10.1.tgz",
      "integrity": "sha512-xXDvecyTpGLrqFrvkrUSoxxfJI5AH7U8zxxtVclpsUtMCq4JQ290LY8AW5c7Ggnr/Y/oK+bQMbqK2qmtk3pN4g==",
      "peer": true,
      "dependencies": {
        "lie": "~3.3.0",
        "pako": "~1.0.2",
        "readable-stream": "~2.3.6",
        "setimmediate": "^1.0.5"
      }
    },
    "node_modules/knockout": {
      "version": "3.5.1",
      "resolved": "https://registry.npmjs.org/knockout/-/knockout-3.5.1.tgz",
      "integrity": "sha512-wRJ9I4az0QcsH7A4v4l0enUpkS++MBx0BnL/68KaLzJg7x1qmbjSlwEoCNol7KTYZ+pmtI7Eh2J0Nu6/2Z5J/Q=="
    },
    "node_modules/lie": {
      "version": "3.3.0",
      "resolved": "https://registry.npmjs.org/lie/-/lie-3.3.0.tgz",
      "integrity": "sha512-UaiMJzeWRlEujzAuw5LokY1L5ecNQYZKfmyZ9L7wDHb/p5etKaxXhohBcrw0EYby+G/NA52vRSN4N39dxHAIwQ==",
      "peer": true,
      "dependencies": {
        "immediate": "~3.0.5"
      }
    },
    "node_modules/lodash.clonedeep": {
      "version": "4.5.0",
      "resolved": "https://registry.npmjs.org/lodash.clonedeep/-/lodash.clonedeep-4.5.0.tgz",
      "integrity": "sha512-H5ZhCF25riFd9uB5UCkVKo61m3S/xZk1x4wA6yp/L3RFP6Z/eHH1ymQcGLo7J3GMPfm0V/7m1tryHuGVxpqEBQ==",
      "peer": true
    },
    "node_modules/lodash.isequal": {
      "version": "4.5.0",
      "resolved": "https://registry.npmjs.org/lodash.isequal/-/lodash.isequal-4.5.0.tgz",
      "integrity": "sha512-pDo3lu8Jhfjqls6GkMgpahsF9kCyayhgykjyLMNFTKWrpVdAQtYyB4muAMWozBB4ig/dtWAmsMxLEI8wuz+DYQ==",
      "deprecated": "This package is deprecated. Use require('node:util').isDeepStrictEqual instead.",
      "peer": true
    },
    "node_modules/lodash.merge": {
      "version": "4.6.2",
      "resolved": "https://registry.npmjs.org/lodash.merge/-/lodash.merge-4.6.2.tgz",
      "integrity": "sha512-0KpjqXRVvrYyCsX1swR/XTK0va6VQkQM6MNo7PqW77ByjAhoARA8EfrP1N4+KlKj8YS0ZUCtRT/YUuhyYDujIQ==",
      "peer": true
    },
    "node_modules/opencollective-postinstall": {
      "version": "2.0.3",
      "resolved": "https://registry.npmjs.org/opencollective-postinstall/-/opencollective-postinstall-2.0.3.tgz",
      "integrity": "sha512-8AV/sCtuzUeTo8gQK5qDZzARrulB3egtLzFgteqB2tcT4Mw7B8Kt7JcDHmltjz6FOAHsvTevk70gZEbhM4ZS9Q==",
      "peer": true,
      "bin": {
        "opencollective-postinstall": "index.js"
      }
    },
    "node_modules/pako": {
      "version": "1.0.11",
      "resolved": "https://registry.npmjs.org/pako/-/pako-1.0.11.tgz",
      "integrity": "sha512-4hLB8Py4zZce5s4yd9XzopqwVv/yGNhV1Bl8NTmCq1763HeK2+EwVTv+leGeL13Dnh2wfbqowVPXCIO0z4taYw==",
      "peer": true
    },
    "node_modules/parchment": {
      "version": "2.0.1",
      "resolved": "https://registry.npmjs.org/parchment/-/parchment-2.0.1.tgz",
      "integrity": "sha512-VBKrlEoZCBD+iwoeag0QTtY1Cti+Ma4nLpVYcc/uus/wHhMsPOi5InH3RL1s4aekahPZpabcS2ToKyGf7RMH/g==",
      "peer": true
    },
    "node_modules/popper.js": {
      "version": "1.16.1",
      "resolved": "https://registry.npmjs.org/popper.js/-/popper.js-1.16.1.tgz",
      "integrity": "sha512-Wb4p1J4zyFTbM+u6WuO4XstYx4Ky9Cewe4DWrel7B0w6VVICvPwdOpotjzcf6eD8TsckVnIMNONQyPIUFOUbCQ==",
      "deprecated": "You can find the new Popper v2 at @popperjs/core, this package is dedicated to the legacy v1",
      "peer": true,
      "funding": {
        "type": "opencollective",
        "url": "https://opencollective.com/popperjs"
      }
    },
    "node_modules/process-nextick-args": {
      "version": "2.0.1",
      "resolved": "https://registry.npmjs.org/process-nextick-args/-/process-nextick-args-2.0.1.tgz",
      "integrity": "sha512-3ouUOpQhtgrbOa17J7+uxOTpITYWaGP7/AhoR3+A+/1e9skrzelGi/dXzEYyvbxubEF6Wn2ypscTKiKJFFn1ag==",
      "peer": true
    },
    "node_modules/quill-delta": {
      "version": "5.1.0",
      "resolved": "https://registry.npmjs.org/quill-delta/-/quill-delta-5.1.0.tgz",
      "integrity": "sha512-X74oCeRI4/p0ucjb5Ma8adTXd9Scumz367kkMK5V/IatcX6A0vlgLgKbzXWy5nZmCGeNJm2oQX0d2Eqj+ZIlCA==",
      "peer": true,
      "dependencies": {
        "fast-diff": "^1.3.0",
        "lodash.clonedeep": "^4.5.0",
        "lodash.isequal": "^4.5.0"
      },
      "engines": {
        "node": ">= 12.0.0"
      }
    },
    "node_modules/readable-stream": {
      "version": "2.3.8",
      "resolved": "https://registry.npmjs.org/readable-stream/-/readable-stream-2.3.8.tgz",
      "integrity": "sha512-8p0AUk4XODgIewSi0l8Epjs+EVnWiK7NoDIEGU0HhE7+ZyY8D1IMY7odu5lRrFXGg71L15KG8QrPmum45RTtdA==",
      "peer": true,
      "dependencies": {
        "core-util-is": "~1.0.0",
        "inherits": "~2.0.3",
        "isarray": "~1.0.0",
        "process-nextick-args": "~2.0.0",
        "safe-buffer": "~5.1.1",
        "string_decoder": "~1.1.1",
        "util-deprecate": "~1.0.1"
      }
    },
    "node_modules/rrule": {
      "version": "2.8.1",
      "resolved": "https://registry.npmjs.org/rrule/-/rrule-2.8.1.tgz",
      "integrity": "sha512-hM3dHSBMeaJ0Ktp7W38BJZ7O1zOgaFEsn41PDk+yHoEtfLV+PoJt9E9xAlZiWgf/iqEqionN0ebHFZIDAp+iGw==",
      "peer": true,
      "dependencies": {
        "tslib": "^2.4.0"
      }
    },
    "node_modules/rrule/node_modules/tslib": {
      "version": "2.8.1",
      "resolved": "https://registry.npmjs.org/tslib/-/tslib-2.8.1.tgz",
      "integrity": "sha512-oJFu94HQb+KVduSUQL7wnpmqnfmLsOA/nAh6b6EH0wCEoK0/mPeXU6c3wKDV83MkOuHPRHtSXKKU99IBazS/2w==",
      "peer": true
    },
    "node_modules/safe-buffer": {
      "version": "5.1.2",
      "resolved": "https://registry.npmjs.org/safe-buffer/-/safe-buffer-5.1.2.tgz",
      "integrity": "sha512-Gd2UZBJDkXlY7GbJxfsE8/nvKkUEU1G38c1siN6QP6a9PT9MmHB8GnpscSmMJSoF8LOIrt8ud/wPtojys4G6+g==",
      "peer": true
    },
    "node_modules/setimmediate": {
      "version": "1.0.5",
      "resolved": "https://registry.npmjs.org/setimmediate/-/setimmediate-1.0.5.tgz",
      "integrity": "sha512-MATJdZp8sLqDl/68LfQmbP8zKPLQNV6BIZoIgrscFDQ+RsvK/BxeDQOgyxKKoh0y/8h3BqVFnCqQ/gd+reiIXA==",
      "peer": true
    },
    "node_modules/string_decoder": {
      "version": "1.1.1",
      "resolved": "https://registry.npmjs.org/string_decoder/-/string_decoder-1.1.1.tgz",
      "integrity": "sha512-n/ShnvDi6FHbbVfviro+WojiFzv+s8MPMHBczVePfUpDJLwoLT0ht1l4YwBCbi8pJAveEEdnkHyPyTP/mzRfwg==",
      "peer": true,
      "dependencies": {
        "safe-buffer": "~5.1.0"
      }
    },
    "node_modules/tslib": {
      "version": "2.3.1",
      "resolved": "https://registry.npmjs.org/tslib/-/tslib-2.3.1.tgz",
      "integrity": "sha512-77EbyPPpMz+FRFRuAFlWMtmgUWGe9UOG2Z25NqCwiIjRhOf5iKGuzSe5P2w1laq+FkRy4p+PCuVkJSGkzTEKVw==",
      "peer": true
    },
    "node_modules/util-deprecate": {
      "version": "1.0.2",
      "resolved": "https://registry.npmjs.org/util-deprecate/-/util-deprecate-1.0.2.tgz",
      "integrity": "sha512-EPD5q1uXyFxJpCrLnCc1nHnq3gOa6DZBocAIiI2TaSCA7VCJ1UJDMagCzIkXNsUYfD1daK//LTEQ8xiIbrHtcw==",
      "peer": true
    }
  }
}
